// !$*UTF8*$!
{
	archiveVersion = 1;
	classes = {
	};
	objectVersion = 50;
	objects = {

/* Begin PBXBuildFile section */
		4DE1ED01245BDAD900A5E4A9 /* AppDelegate.swift in Sources */ = {isa = PBXBuildFile; fileRef = 4DE1ED00245BDAD900A5E4A9 /* AppDelegate.swift */; };
		4DE1ED03245BDAD900A5E4A9 /* SceneDelegate.swift in Sources */ = {isa = PBXBuildFile; fileRef = 4DE1ED02245BDAD900A5E4A9 /* SceneDelegate.swift */; };
		4DE1ED05245BDAD900A5E4A9 /* ContentView.swift in Sources */ = {isa = PBXBuildFile; fileRef = 4DE1ED04245BDAD900A5E4A9 /* ContentView.swift */; };
		4DE1ED07245BDAD900A5E4A9 /* Assets.xcassets in Resources */ = {isa = PBXBuildFile; fileRef = 4DE1ED06245BDAD900A5E4A9 /* Assets.xcassets */; };
		4DE1ED0A245BDAD900A5E4A9 /* Preview Assets.xcassets in Resources */ = {isa = PBXBuildFile; fileRef = 4DE1ED09245BDAD900A5E4A9 /* Preview Assets.xcassets */; };
		4DE1ED0D245BDAD900A5E4A9 /* LaunchScreen.storyboard in Resources */ = {isa = PBXBuildFile; fileRef = 4DE1ED0B245BDAD900A5E4A9 /* LaunchScreen.storyboard */; };
		4DE1ED18245BDAD900A5E4A9 /* PassCodeInputDemoTests.swift in Sources */ = {isa = PBXBuildFile; fileRef = 4DE1ED17245BDAD900A5E4A9 /* PassCodeInputDemoTests.swift */; };
		4DE1ED23245BDAD900A5E4A9 /* PassCodeInputDemoUITests.swift in Sources */ = {isa = PBXBuildFile; fileRef = 4DE1ED22245BDAD900A5E4A9 /* PassCodeInputDemoUITests.swift */; };
		4DE1ED31245F9BE200A5E4A9 /* PassCodeInputModel.swift in Sources */ = {isa = PBXBuildFile; fileRef = 4DE1ED30245F9BE200A5E4A9 /* PassCodeInputModel.swift */; };
		4DE1ED35245F9F5F00A5E4A9 /* PassCodeInputField.swift in Sources */ = {isa = PBXBuildFile; fileRef = 4DE1ED34245F9F5F00A5E4A9 /* PassCodeInputField.swift */; };
		4DE1ED38245FBBAD00A5E4A9 /* Localizable.strings in Resources */ = {isa = PBXBuildFile; fileRef = 4DE1ED3A245FBBAD00A5E4A9 /* Localizable.strings */; };
		4DE1ED3C245FEE3400A5E4A9 /* README.md in Resources */ = {isa = PBXBuildFile; fileRef = 4DE1ED3B245FEE3400A5E4A9 /* README.md */; };
		4DE1ED402460440900A5E4A9 /* PassCodeInputCell.swift in Sources */ = {isa = PBXBuildFile; fileRef = 4DE1ED3F2460440900A5E4A9 /* PassCodeInputCell.swift */; };
/* End PBXBuildFile section */

/* Begin PBXContainerItemProxy section */
		4DE1ED14245BDAD900A5E4A9 /* PBXContainerItemProxy */ = {
			isa = PBXContainerItemProxy;
			containerPortal = 4DE1ECF5245BDAD900A5E4A9 /* Project object */;
			proxyType = 1;
			remoteGlobalIDString = 4DE1ECFC245BDAD900A5E4A9;
			remoteInfo = PassCodeInputDemo;
		};
		4DE1ED1F245BDAD900A5E4A9 /* PBXContainerItemProxy */ = {
			isa = PBXContainerItemProxy;
			containerPortal = 4DE1ECF5245BDAD900A5E4A9 /* Project object */;
			proxyType = 1;
			remoteGlobalIDString = 4DE1ECFC245BDAD900A5E4A9;
			remoteInfo = PassCodeInputDemo;
		};
/* End PBXContainerItemProxy section */

/* Begin PBXFileReference section */
		4DE1ECFD245BDAD900A5E4A9 /* PassCodeInputDemo.app */ = {isa = PBXFileReference; explicitFileType = wrapper.application; includeInIndex = 0; path = PassCodeInputDemo.app; sourceTree = BUILT_PRODUCTS_DIR; };
		4DE1ED00245BDAD900A5E4A9 /* AppDelegate.swift */ = {isa = PBXFileReference; lastKnownFileType = sourcecode.swift; path = AppDelegate.swift; sourceTree = "<group>"; };
		4DE1ED02245BDAD900A5E4A9 /* SceneDelegate.swift */ = {isa = PBXFileReference; lastKnownFileType = sourcecode.swift; path = SceneDelegate.swift; sourceTree = "<group>"; };
		4DE1ED04245BDAD900A5E4A9 /* ContentView.swift */ = {isa = PBXFileReference; lastKnownFileType = sourcecode.swift; path = ContentView.swift; sourceTree = "<group>"; };
		4DE1ED06245BDAD900A5E4A9 /* Assets.xcassets */ = {isa = PBXFileReference; lastKnownFileType = folder.assetcatalog; path = Assets.xcassets; sourceTree = "<group>"; };
		4DE1ED09245BDAD900A5E4A9 /* Preview Assets.xcassets */ = {isa = PBXFileReference; lastKnownFileType = folder.assetcatalog; path = "Preview Assets.xcassets"; sourceTree = "<group>"; };
		4DE1ED0C245BDAD900A5E4A9 /* Base */ = {isa = PBXFileReference; lastKnownFileType = file.storyboard; name = Base; path = Base.lproj/LaunchScreen.storyboard; sourceTree = "<group>"; };
		4DE1ED0E245BDAD900A5E4A9 /* Info.plist */ = {isa = PBXFileReference; lastKnownFileType = text.plist.xml; path = Info.plist; sourceTree = "<group>"; };
		4DE1ED13245BDAD900A5E4A9 /* PassCodeInputDemoTests.xctest */ = {isa = PBXFileReference; explicitFileType = wrapper.cfbundle; includeInIndex = 0; path = PassCodeInputDemoTests.xctest; sourceTree = BUILT_PRODUCTS_DIR; };
		4DE1ED17245BDAD900A5E4A9 /* PassCodeInputDemoTests.swift */ = {isa = PBXFileReference; lastKnownFileType = sourcecode.swift; path = PassCodeInputDemoTests.swift; sourceTree = "<group>"; };
		4DE1ED19245BDAD900A5E4A9 /* Info.plist */ = {isa = PBXFileReference; lastKnownFileType = text.plist.xml; path = Info.plist; sourceTree = "<group>"; };
		4DE1ED1E245BDAD900A5E4A9 /* PassCodeInputDemoUITests.xctest */ = {isa = PBXFileReference; explicitFileType = wrapper.cfbundle; includeInIndex = 0; path = PassCodeInputDemoUITests.xctest; sourceTree = BUILT_PRODUCTS_DIR; };
		4DE1ED22245BDAD900A5E4A9 /* PassCodeInputDemoUITests.swift */ = {isa = PBXFileReference; lastKnownFileType = sourcecode.swift; path = PassCodeInputDemoUITests.swift; sourceTree = "<group>"; };
		4DE1ED24245BDAD900A5E4A9 /* Info.plist */ = {isa = PBXFileReference; lastKnownFileType = text.plist.xml; path = Info.plist; sourceTree = "<group>"; };
		4DE1ED30245F9BE200A5E4A9 /* PassCodeInputModel.swift */ = {isa = PBXFileReference; lastKnownFileType = sourcecode.swift; path = PassCodeInputModel.swift; sourceTree = "<group>"; };
		4DE1ED34245F9F5F00A5E4A9 /* PassCodeInputField.swift */ = {isa = PBXFileReference; lastKnownFileType = sourcecode.swift; path = PassCodeInputField.swift; sourceTree = "<group>"; };
		4DE1ED39245FBBAD00A5E4A9 /* en */ = {isa = PBXFileReference; lastKnownFileType = text.plist.strings; name = en; path = en.lproj/Localizable.strings; sourceTree = "<group>"; };
		4DE1ED3B245FEE3400A5E4A9 /* README.md */ = {isa = PBXFileReference; fileEncoding = 4; lastKnownFileType = net.daringfireball.markdown; path = README.md; sourceTree = "<group>"; };
		4DE1ED3F2460440900A5E4A9 /* PassCodeInputCell.swift */ = {isa = PBXFileReference; lastKnownFileType = sourcecode.swift; path = PassCodeInputCell.swift; sourceTree = "<group>"; };
/* End PBXFileReference section */

/* Begin PBXFrameworksBuildPhase section */
		4DE1ECFA245BDAD900A5E4A9 /* Frameworks */ = {
			isa = PBXFrameworksBuildPhase;
			buildActionMask = 2147483647;
			files = (
			);
			runOnlyForDeploymentPostprocessing = 0;
		};
		4DE1ED10245BDAD900A5E4A9 /* Frameworks */ = {
			isa = PBXFrameworksBuildPhase;
			buildActionMask = 2147483647;
			files = (
			);
			runOnlyForDeploymentPostprocessing = 0;
		};
		4DE1ED1B245BDAD900A5E4A9 /* Frameworks */ = {
			isa = PBXFrameworksBuildPhase;
			buildActionMask = 2147483647;
			files = (
			);
			runOnlyForDeploymentPostprocessing = 0;
		};
/* End PBXFrameworksBuildPhase section */

/* Begin PBXGroup section */
		4DE1ECF4245BDAD900A5E4A9 = {
			isa = PBXGroup;
			children = (
				4DE1ED3B245FEE3400A5E4A9 /* README.md */,
				4DE1ECFF245BDAD900A5E4A9 /* PassCodeInputDemo */,
				4DE1ED16245BDAD900A5E4A9 /* PassCodeInputDemoTests */,
				4DE1ED21245BDAD900A5E4A9 /* PassCodeInputDemoUITests */,
				4DE1ECFE245BDAD900A5E4A9 /* Products */,
			);
			sourceTree = "<group>";
		};
		4DE1ECFE245BDAD900A5E4A9 /* Products */ = {
			isa = PBXGroup;
			children = (
				4DE1ECFD245BDAD900A5E4A9 /* PassCodeInputDemo.app */,
				4DE1ED13245BDAD900A5E4A9 /* PassCodeInputDemoTests.xctest */,
				4DE1ED1E245BDAD900A5E4A9 /* PassCodeInputDemoUITests.xctest */,
			);
			name = Products;
			sourceTree = "<group>";
		};
		4DE1ECFF245BDAD900A5E4A9 /* PassCodeInputDemo */ = {
			isa = PBXGroup;
			children = (
				4DE1ED00245BDAD900A5E4A9 /* AppDelegate.swift */,
				4DE1ED02245BDAD900A5E4A9 /* SceneDelegate.swift */,
				4DE1ED30245F9BE200A5E4A9 /* PassCodeInputModel.swift */,
				4DE1ED34245F9F5F00A5E4A9 /* PassCodeInputField.swift */,
				4DE1ED3F2460440900A5E4A9 /* PassCodeInputCell.swift */,
				4DE1ED04245BDAD900A5E4A9 /* ContentView.swift */,
				4DE1ED06245BDAD900A5E4A9 /* Assets.xcassets */,
				4DE1ED0B245BDAD900A5E4A9 /* LaunchScreen.storyboard */,
				4DE1ED0E245BDAD900A5E4A9 /* Info.plist */,
				4DE1ED08245BDAD900A5E4A9 /* Preview Content */,
				4DE1ED3A245FBBAD00A5E4A9 /* Localizable.strings */,
			);
			path = PassCodeInputDemo;
			sourceTree = "<group>";
		};
		4DE1ED08245BDAD900A5E4A9 /* Preview Content */ = {
			isa = PBXGroup;
			children = (
				4DE1ED09245BDAD900A5E4A9 /* Preview Assets.xcassets */,
			);
			path = "Preview Content";
			sourceTree = "<group>";
		};
		4DE1ED16245BDAD900A5E4A9 /* PassCodeInputDemoTests */ = {
			isa = PBXGroup;
			children = (
				4DE1ED17245BDAD900A5E4A9 /* PassCodeInputDemoTests.swift */,
				4DE1ED19245BDAD900A5E4A9 /* Info.plist */,
			);
			path = PassCodeInputDemoTests;
			sourceTree = "<group>";
		};
		4DE1ED21245BDAD900A5E4A9 /* PassCodeInputDemoUITests */ = {
			isa = PBXGroup;
			children = (
				4DE1ED22245BDAD900A5E4A9 /* PassCodeInputDemoUITests.swift */,
				4DE1ED24245BDAD900A5E4A9 /* Info.plist */,
			);
			path = PassCodeInputDemoUITests;
			sourceTree = "<group>";
		};
/* End PBXGroup section */

/* Begin PBXNativeTarget section */
		4DE1ECFC245BDAD900A5E4A9 /* PassCodeInputDemo */ = {
			isa = PBXNativeTarget;
			buildConfigurationList = 4DE1ED27245BDAD900A5E4A9 /* Build configuration list for PBXNativeTarget "PassCodeInputDemo" */;
			buildPhases = (
				4DE1ECF9245BDAD900A5E4A9 /* Sources */,
				4DE1ECFA245BDAD900A5E4A9 /* Frameworks */,
				4DE1ECFB245BDAD900A5E4A9 /* Resources */,
			);
			buildRules = (
			);
			dependencies = (
			);
			name = PassCodeInputDemo;
			productName = PassCodeInputDemo;
			productReference = 4DE1ECFD245BDAD900A5E4A9 /* PassCodeInputDemo.app */;
			productType = "com.apple.product-type.application";
		};
		4DE1ED12245BDAD900A5E4A9 /* PassCodeInputDemoTests */ = {
			isa = PBXNativeTarget;
			buildConfigurationList = 4DE1ED2A245BDAD900A5E4A9 /* Build configuration list for PBXNativeTarget "PassCodeInputDemoTests" */;
			buildPhases = (
				4DE1ED0F245BDAD900A5E4A9 /* Sources */,
				4DE1ED10245BDAD900A5E4A9 /* Frameworks */,
				4DE1ED11245BDAD900A5E4A9 /* Resources */,
			);
			buildRules = (
			);
			dependencies = (
				4DE1ED15245BDAD900A5E4A9 /* PBXTargetDependency */,
			);
			name = PassCodeInputDemoTests;
			productName = PassCodeInputDemoTests;
			productReference = 4DE1ED13245BDAD900A5E4A9 /* PassCodeInputDemoTests.xctest */;
			productType = "com.apple.product-type.bundle.unit-test";
		};
		4DE1ED1D245BDAD900A5E4A9 /* PassCodeInputDemoUITests */ = {
			isa = PBXNativeTarget;
			buildConfigurationList = 4DE1ED2D245BDAD900A5E4A9 /* Build configuration list for PBXNativeTarget "PassCodeInputDemoUITests" */;
			buildPhases = (
				4DE1ED1A245BDAD900A5E4A9 /* Sources */,
				4DE1ED1B245BDAD900A5E4A9 /* Frameworks */,
				4DE1ED1C245BDAD900A5E4A9 /* Resources */,
			);
			buildRules = (
			);
			dependencies = (
				4DE1ED20245BDAD900A5E4A9 /* PBXTargetDependency */,
			);
			name = PassCodeInputDemoUITests;
			productName = PassCodeInputDemoUITests;
			productReference = 4DE1ED1E245BDAD900A5E4A9 /* PassCodeInputDemoUITests.xctest */;
			productType = "com.apple.product-type.bundle.ui-testing";
		};
/* End PBXNativeTarget section */

/* Begin PBXProject section */
		4DE1ECF5245BDAD900A5E4A9 /* Project object */ = {
			isa = PBXProject;
			attributes = {
				LastSwiftUpdateCheck = 1140;
				LastUpgradeCheck = 1140;
				ORGANIZATIONNAME = "Anomaly Software";
				TargetAttributes = {
					4DE1ECFC245BDAD900A5E4A9 = {
						CreatedOnToolsVersion = 11.4.1;
					};
					4DE1ED12245BDAD900A5E4A9 = {
						CreatedOnToolsVersion = 11.4.1;
						TestTargetID = 4DE1ECFC245BDAD900A5E4A9;
					};
					4DE1ED1D245BDAD900A5E4A9 = {
						CreatedOnToolsVersion = 11.4.1;
						TestTargetID = 4DE1ECFC245BDAD900A5E4A9;
					};
				};
			};
			buildConfigurationList = 4DE1ECF8245BDAD900A5E4A9 /* Build configuration list for PBXProject "PassCodeInputDemo" */;
			compatibilityVersion = "Xcode 9.3";
			developmentRegion = en;
			hasScannedForEncodings = 0;
			knownRegions = (
				en,
				Base,
			);
			mainGroup = 4DE1ECF4245BDAD900A5E4A9;
			productRefGroup = 4DE1ECFE245BDAD900A5E4A9 /* Products */;
			projectDirPath = "";
			projectRoot = "";
			targets = (
				4DE1ECFC245BDAD900A5E4A9 /* PassCodeInputDemo */,
				4DE1ED12245BDAD900A5E4A9 /* PassCodeInputDemoTests */,
				4DE1ED1D245BDAD900A5E4A9 /* PassCodeInputDemoUITests */,
			);
		};
/* End PBXProject section */

/* Begin PBXResourcesBuildPhase section */
		4DE1ECFB245BDAD900A5E4A9 /* Resources */ = {
			isa = PBXResourcesBuildPhase;
			buildActionMask = 2147483647;
			files = (
				4DE1ED0D245BDAD900A5E4A9 /* LaunchScreen.storyboard in Resources */,
				4DE1ED38245FBBAD00A5E4A9 /* Localizable.strings in Resources */,
				4DE1ED3C245FEE3400A5E4A9 /* README.md in Resources */,
				4DE1ED0A245BDAD900A5E4A9 /* Preview Assets.xcassets in Resources */,
				4DE1ED07245BDAD900A5E4A9 /* Assets.xcassets in Resources */,
			);
			runOnlyForDeploymentPostprocessing = 0;
		};
		4DE1ED11245BDAD900A5E4A9 /* Resources */ = {
			isa = PBXResourcesBuildPhase;
			buildActionMask = 2147483647;
			files = (
			);
			runOnlyForDeploymentPostprocessing = 0;
		};
		4DE1ED1C245BDAD900A5E4A9 /* Resources */ = {
			isa = PBXResourcesBuildPhase;
			buildActionMask = 2147483647;
			files = (
			);
			runOnlyForDeploymentPostprocessing = 0;
		};
/* End PBXResourcesBuildPhase section */

/* Begin PBXSourcesBuildPhase section */
		4DE1ECF9245BDAD900A5E4A9 /* Sources */ = {
			isa = PBXSourcesBuildPhase;
			buildActionMask = 2147483647;
			files = (
				4DE1ED01245BDAD900A5E4A9 /* AppDelegate.swift in Sources */,
				4DE1ED03245BDAD900A5E4A9 /* SceneDelegate.swift in Sources */,
				4DE1ED31245F9BE200A5E4A9 /* PassCodeInputModel.swift in Sources */,
				4DE1ED402460440900A5E4A9 /* PassCodeInputCell.swift in Sources */,
				4DE1ED05245BDAD900A5E4A9 /* ContentView.swift in Sources */,
				4DE1ED35245F9F5F00A5E4A9 /* PassCodeInputField.swift in Sources */,
			);
			runOnlyForDeploymentPostprocessing = 0;
		};
		4DE1ED0F245BDAD900A5E4A9 /* Sources */ = {
			isa = PBXSourcesBuildPhase;
			buildActionMask = 2147483647;
			files = (
				4DE1ED18245BDAD900A5E4A9 /* PassCodeInputDemoTests.swift in Sources */,
			);
			runOnlyForDeploymentPostprocessing = 0;
		};
		4DE1ED1A245BDAD900A5E4A9 /* Sources */ = {
			isa = PBXSourcesBuildPhase;
			buildActionMask = 2147483647;
			files = (
				4DE1ED23245BDAD900A5E4A9 /* PassCodeInputDemoUITests.swift in Sources */,
			);
			runOnlyForDeploymentPostprocessing = 0;
		};
/* End PBXSourcesBuildPhase section */

/* Begin PBXTargetDependency section */
		4DE1ED15245BDAD900A5E4A9 /* PBXTargetDependency */ = {
			isa = PBXTargetDependency;
			target = 4DE1ECFC245BDAD900A5E4A9 /* PassCodeInputDemo */;
			targetProxy = 4DE1ED14245BDAD900A5E4A9 /* PBXContainerItemProxy */;
		};
		4DE1ED20245BDAD900A5E4A9 /* PBXTargetDependency */ = {
			isa = PBXTargetDependency;
			target = 4DE1ECFC245BDAD900A5E4A9 /* PassCodeInputDemo */;
			targetProxy = 4DE1ED1F245BDAD900A5E4A9 /* PBXContainerItemProxy */;
		};
/* End PBXTargetDependency section */

/* Begin PBXVariantGroup section */
		4DE1ED0B245BDAD900A5E4A9 /* LaunchScreen.storyboard */ = {
			isa = PBXVariantGroup;
			children = (
				4DE1ED0C245BDAD900A5E4A9 /* Base */,
			);
			name = LaunchScreen.storyboard;
			sourceTree = "<group>";
		};
		4DE1ED3A245FBBAD00A5E4A9 /* Localizable.strings */ = {
			isa = PBXVariantGroup;
			children = (
				4DE1ED39245FBBAD00A5E4A9 /* en */,
			);
			name = Localizable.strings;
			sourceTree = "<group>";
		};
/* End PBXVariantGroup section */

/* Begin XCBuildConfiguration section */
		4DE1ED25245BDAD900A5E4A9 /* Debug */ = {
			isa = XCBuildConfiguration;
			buildSettings = {
				ALWAYS_SEARCH_USER_PATHS = NO;
				CLANG_ANALYZER_NONNULL = YES;
				CLANG_ANALYZER_NUMBER_OBJECT_CONVERSION = YES_AGGRESSIVE;
				CLANG_CXX_LANGUAGE_STANDARD = "gnu++14";
				CLANG_CXX_LIBRARY = "libc++";
				CLANG_ENABLE_MODULES = YES;
				CLANG_ENABLE_OBJC_ARC = YES;
				CLANG_ENABLE_OBJC_WEAK = YES;
				CLANG_WARN_BLOCK_CAPTURE_AUTORELEASING = YES;
				CLANG_WARN_BOOL_CONVERSION = YES;
				CLANG_WARN_COMMA = YES;
				CLANG_WARN_CONSTANT_CONVERSION = YES;
				CLANG_WARN_DEPRECATED_OBJC_IMPLEMENTATIONS = YES;
				CLANG_WARN_DIRECT_OBJC_ISA_USAGE = YES_ERROR;
				CLANG_WARN_DOCUMENTATION_COMMENTS = YES;
				CLANG_WARN_EMPTY_BODY = YES;
				CLANG_WARN_ENUM_CONVERSION = YES;
				CLANG_WARN_INFINITE_RECURSION = YES;
				CLANG_WARN_INT_CONVERSION = YES;
				CLANG_WARN_NON_LITERAL_NULL_CONVERSION = YES;
				CLANG_WARN_OBJC_IMPLICIT_RETAIN_SELF = YES;
				CLANG_WARN_OBJC_LITERAL_CONVERSION = YES;
				CLANG_WARN_OBJC_ROOT_CLASS = YES_ERROR;
				CLANG_WARN_RANGE_LOOP_ANALYSIS = YES;
				CLANG_WARN_STRICT_PROTOTYPES = YES;
				CLANG_WARN_SUSPICIOUS_MOVE = YES;
				CLANG_WARN_UNGUARDED_AVAILABILITY = YES_AGGRESSIVE;
				CLANG_WARN_UNREACHABLE_CODE = YES;
				CLANG_WARN__DUPLICATE_METHOD_MATCH = YES;
				COPY_PHASE_STRIP = NO;
				DEBUG_INFORMATION_FORMAT = dwarf;
				ENABLE_STRICT_OBJC_MSGSEND = YES;
				ENABLE_TESTABILITY = YES;
				GCC_C_LANGUAGE_STANDARD = gnu11;
				GCC_DYNAMIC_NO_PIC = NO;
				GCC_NO_COMMON_BLOCKS = YES;
				GCC_OPTIMIZATION_LEVEL = 0;
				GCC_PREPROCESSOR_DEFINITIONS = (
					"DEBUG=1",
					"$(inherited)",
				);
				GCC_WARN_64_TO_32_BIT_CONVERSION = YES;
				GCC_WARN_ABOUT_RETURN_TYPE = YES_ERROR;
				GCC_WARN_UNDECLARED_SELECTOR = YES;
				GCC_WARN_UNINITIALIZED_AUTOS = YES_AGGRESSIVE;
				GCC_WARN_UNUSED_FUNCTION = YES;
				GCC_WARN_UNUSED_VARIABLE = YES;
				IPHONEOS_DEPLOYMENT_TARGET = 13.4;
				MTL_ENABLE_DEBUG_INFO = INCLUDE_SOURCE;
				MTL_FAST_MATH = YES;
				ONLY_ACTIVE_ARCH = YES;
				SDKROOT = iphoneos;
				SWIFT_ACTIVE_COMPILATION_CONDITIONS = DEBUG;
				SWIFT_OPTIMIZATION_LEVEL = "-Onone";
			};
			name = Debug;
		};
		4DE1ED26245BDAD900A5E4A9 /* Release */ = {
			isa = XCBuildConfiguration;
			buildSettings = {
				ALWAYS_SEARCH_USER_PATHS = NO;
				CLANG_ANALYZER_NONNULL = YES;
				CLANG_ANALYZER_NUMBER_OBJECT_CONVERSION = YES_AGGRESSIVE;
				CLANG_CXX_LANGUAGE_STANDARD = "gnu++14";
				CLANG_CXX_LIBRARY = "libc++";
				CLANG_ENABLE_MODULES = YES;
				CLANG_ENABLE_OBJC_ARC = YES;
				CLANG_ENABLE_OBJC_WEAK = YES;
				CLANG_WARN_BLOCK_CAPTURE_AUTORELEASING = YES;
				CLANG_WARN_BOOL_CONVERSION = YES;
				CLANG_WARN_COMMA = YES;
				CLANG_WARN_CONSTANT_CONVERSION = YES;
				CLANG_WARN_DEPRECATED_OBJC_IMPLEMENTATIONS = YES;
				CLANG_WARN_DIRECT_OBJC_ISA_USAGE = YES_ERROR;
				CLANG_WARN_DOCUMENTATION_COMMENTS = YES;
				CLANG_WARN_EMPTY_BODY = YES;
				CLANG_WARN_ENUM_CONVERSION = YES;
				CLANG_WARN_INFINITE_RECURSION = YES;
				CLANG_WARN_INT_CONVERSION = YES;
				CLANG_WARN_NON_LITERAL_NULL_CONVERSION = YES;
				CLANG_WARN_OBJC_IMPLICIT_RETAIN_SELF = YES;
				CLANG_WARN_OBJC_LITERAL_CONVERSION = YES;
				CLANG_WARN_OBJC_ROOT_CLASS = YES_ERROR;
				CLANG_WARN_RANGE_LOOP_ANALYSIS = YES;
				CLANG_WARN_STRICT_PROTOTYPES = YES;
				CLANG_WARN_SUSPICIOUS_MOVE = YES;
				CLANG_WARN_UNGUARDED_AVAILABILITY = YES_AGGRESSIVE;
				CLANG_WARN_UNREACHABLE_CODE = YES;
				CLANG_WARN__DUPLICATE_METHOD_MATCH = YES;
				COPY_PHASE_STRIP = NO;
				DEBUG_INFORMATION_FORMAT = "dwarf-with-dsym";
				ENABLE_NS_ASSERTIONS = NO;
				ENABLE_STRICT_OBJC_MSGSEND = YES;
				GCC_C_LANGUAGE_STANDARD = gnu11;
				GCC_NO_COMMON_BLOCKS = YES;
				GCC_WARN_64_TO_32_BIT_CONVERSION = YES;
				GCC_WARN_ABOUT_RETURN_TYPE = YES_ERROR;
				GCC_WARN_UNDECLARED_SELECTOR = YES;
				GCC_WARN_UNINITIALIZED_AUTOS = YES_AGGRESSIVE;
				GCC_WARN_UNUSED_FUNCTION = YES;
				GCC_WARN_UNUSED_VARIABLE = YES;
				IPHONEOS_DEPLOYMENT_TARGET = 13.4;
				MTL_ENABLE_DEBUG_INFO = NO;
				MTL_FAST_MATH = YES;
				SDKROOT = iphoneos;
				SWIFT_COMPILATION_MODE = wholemodule;
				SWIFT_OPTIMIZATION_LEVEL = "-O";
				VALIDATE_PRODUCT = YES;
			};
			name = Release;
		};
		4DE1ED28245BDAD900A5E4A9 /* Debug */ = {
			isa = XCBuildConfiguration;
			buildSettings = {
				ASSETCATALOG_COMPILER_APPICON_NAME = AppIcon;
				CODE_SIGN_STYLE = Automatic;
				DEVELOPMENT_ASSET_PATHS = "\"PassCodeInputDemo/Preview Content\"";
				DEVELOPMENT_TEAM = MVFG49B2CV;
				ENABLE_PREVIEWS = YES;
				INFOPLIST_FILE = PassCodeInputDemo/Info.plist;
				LD_RUNPATH_SEARCH_PATHS = (
					"$(inherited)",
					"@executable_path/Frameworks",
				);
				PRODUCT_BUNDLE_IDENTIFIER = au.net.anomaly.PassCodeInputDemo;
				PRODUCT_NAME = "$(TARGET_NAME)";
				SWIFT_VERSION = 5.0;
				TARGETED_DEVICE_FAMILY = "1,2";
			};
			name = Debug;
		};
		4DE1ED29245BDAD900A5E4A9 /* Release */ = {
			isa = XCBuildConfiguration;
			buildSettings = {
				ASSETCATALOG_COMPILER_APPICON_NAME = AppIcon;
				CODE_SIGN_STYLE = Automatic;
				DEVELOPMENT_ASSET_PATHS = "\"PassCodeInputDemo/Preview Content\"";
				DEVELOPMENT_TEAM = MVFG49B2CV;
				ENABLE_PREVIEWS = YES;
				INFOPLIST_FILE = PassCodeInputDemo/Info.plist;
				LD_RUNPATH_SEARCH_PATHS = (
					"$(inherited)",
					"@executable_path/Frameworks",
				);
				PRODUCT_BUNDLE_IDENTIFIER = au.net.anomaly.PassCodeInputDemo;
				PRODUCT_NAME = "$(TARGET_NAME)";
				SWIFT_VERSION = 5.0;
				TARGETED_DEVICE_FAMILY = "1,2";
			};
			name = Release;
		};
		4DE1ED2B245BDAD900A5E4A9 /* Debug */ = {
			isa = XCBuildConfiguration;
			buildSettings = {
				ALWAYS_EMBED_SWIFT_STANDARD_LIBRARIES = YES;
				BUNDLE_LOADER = "$(TEST_HOST)";
				CODE_SIGN_STYLE = Automatic;
				DEVELOPMENT_TEAM = MVFG49B2CV;
				INFOPLIST_FILE = PassCodeInputDemoTests/Info.plist;
				IPHONEOS_DEPLOYMENT_TARGET = 13.4;
				LD_RUNPATH_SEARCH_PATHS = (
					"$(inherited)",
					"@executable_path/Frameworks",
					"@loader_path/Frameworks",
				);
				PRODUCT_BUNDLE_IDENTIFIER = au.net.anomaly.PassCodeInputDemoTests;
				PRODUCT_NAME = "$(TARGET_NAME)";
				SWIFT_VERSION = 5.0;
				TARGETED_DEVICE_FAMILY = "1,2";
				TEST_HOST = "$(BUILT_PRODUCTS_DIR)/PassCodeInputDemo.app/PassCodeInputDemo";
			};
			name = Debug;
		};
		4DE1ED2C245BDAD900A5E4A9 /* Release */ = {
			isa = XCBuildConfiguration;
			buildSettings = {
				ALWAYS_EMBED_SWIFT_STANDARD_LIBRARIES = YES;
				BUNDLE_LOADER = "$(TEST_HOST)";
				CODE_SIGN_STYLE = Automatic;
				DEVELOPMENT_TEAM = MVFG49B2CV;
				INFOPLIST_FILE = PassCodeInputDemoTests/Info.plist;
				IPHONEOS_DEPLOYMENT_TARGET = 13.4;
				LD_RUNPATH_SEARCH_PATHS = (
					"$(inherited)",
					"@executable_path/Frameworks",
					"@loader_path/Frameworks",
				);
				PRODUCT_BUNDLE_IDENTIFIER = au.net.anomaly.PassCodeInputDemoTests;
				PRODUCT_NAME = "$(TARGET_NAME)";
				SWIFT_VERSION = 5.0;
				TARGETED_DEVICE_FAMILY = "1,2";
				TEST_HOST = "$(BUILT_PRODUCTS_DIR)/PassCodeInputDemo.app/PassCodeInputDemo";
			};
			name = Release;
		};
		4DE1ED2E245BDAD900A5E4A9 /* Debug */ = {
			isa = XCBuildConfiguration;
			buildSettings = {
				ALWAYS_EMBED_SWIFT_STANDARD_LIBRARIES = YES;
				CODE_SIGN_STYLE = Automatic;
				DEVELOPMENT_TEAM = MVFG49B2CV;
				INFOPLIST_FILE = PassCodeInputDemoUITests/Info.plist;
				LD_RUNPATH_SEARCH_PATHS = (
					"$(inherited)",
					"@executable_path/Frameworks",
					"@loader_path/Frameworks",
				);
				PRODUCT_BUNDLE_IDENTIFIER = au.net.anomaly.PassCodeInputDemoUITests;
				PRODUCT_NAME = "$(TARGET_NAME)";
				SWIFT_VERSION = 5.0;
				TARGETED_DEVICE_FAMILY = "1,2";
				TEST_TARGET_NAME = PassCodeInputDemo;
			};
			name = Debug;
		};
		4DE1ED2F245BDAD900A5E4A9 /* Release */ = {
			isa = XCBuildConfiguration;
			buildSettings = {
				ALWAYS_EMBED_SWIFT_STANDARD_LIBRARIES = YES;
				CODE_SIGN_STYLE = Automatic;
				DEVELOPMENT_TEAM = MVFG49B2CV;
				INFOPLIST_FILE = PassCodeInputDemoUITests/Info.plist;
				LD_RUNPATH_SEARCH_PATHS = (
					"$(inherited)",
					"@executable_path/Frameworks",
					"@loader_path/Frameworks",
				);
				PRODUCT_BUNDLE_IDENTIFIER = au.net.anomaly.PassCodeInputDemoUITests;
				PRODUCT_NAME = "$(TARGET_NAME)";
				SWIFT_VERSION = 5.0;
				TARGETED_DEVICE_FAMILY = "1,2";
				TEST_TARGET_NAME = PassCodeInputDemo;
			};
			name = Release;
		};
/* End XCBuildConfiguration section */

/* Begin XCConfigurationList section */
		4DE1ECF8245BDAD900A5E4A9 /* Build configuration list for PBXProject "PassCodeInputDemo" */ = {
			isa = XCConfigurationList;
			buildConfigurations = (
				4DE1ED25245BDAD900A5E4A9 /* Debug */,
				4DE1ED26245BDAD900A5E4A9 /* Release */,
			);
			defaultConfigurationIsVisible = 0;
			defaultConfigurationName = Release;
		};
		4DE1ED27245BDAD900A5E4A9 /* Build configuration list for PBXNativeTarget "PassCodeInputDemo" */ = {
			isa = XCConfigurationList;
			buildConfigurations = (
				4DE1ED28245BDAD900A5E4A9 /* Debug */,
				4DE1ED29245BDAD900A5E4A9 /* Release */,
			);
			defaultConfigurationIsVisible = 0;
			defaultConfigurationName = Release;
		};
		4DE1ED2A245BDAD900A5E4A9 /* Build configuration list for PBXNativeTarget "PassCodeInputDemoTests" */ = {
			isa = XCConfigurationList;
			buildConfigurations = (
				4DE1ED2B245BDAD900A5E4A9 /* Debug */,
				4DE1ED2C245BDAD900A5E4A9 /* Release */,
			);
			defaultConfigurationIsVisible = 0;
			defaultConfigurationName = Release;
		};
		4DE1ED2D245BDAD900A5E4A9 /* Build configuration list for PBXNativeTarget "PassCodeInputDemoUITests" */ = {
			isa = XCConfigurationList;
			buildConfigurations = (
				4DE1ED2E245BDAD900A5E4A9 /* Debug */,
				4DE1ED2F245BDAD900A5E4A9 /* Release */,
			);
			defaultConfigurationIsVisible = 0;
			defaultConfigurationName = Release;
		};
/* End XCConfigurationList section */
	};
	rootObject = 4DE1ECF5245BDAD900A5E4A9 /* Project object */;
}
